{
  "name": "chrome-pcschair-colorizer",
  "lockfileVersion": 3,
  "requires": true,
  "packages": {
    "": {
      "name": "chrome-pcschair-colorizer",
      "dependencies": {
        "@eastdesire/jscolor": "^2.5.2",
        "@fortawesome/fontawesome-free": "^6.7.2"
      }
    },
    "node_modules/@eastdesire/jscolor": {
      "version": "2.5.2",
      "resolved": "https://registry.npmjs.org/@eastdesire/jscolor/-/jscolor-2.5.2.tgz",
      "integrity": "sha512-WPldVg9Z0tXDOROpbeLslv0Uj/CPgou+6GVMPZs2T+nKOkeBHYVZNfugixBhGzYWKWUumTzmTkLgnCVWlNwl2w==",
      "license": "GPL-3.0-or-later"
    },
    "node_modules/@fortawesome/fontawesome-free": {
      "version": "6.7.2",
      "resolved": "https://registry.npmjs.org/@fortawesome/fontawesome-free/-/fontawesome-free-6.7.2.tgz",
      "integrity": "sha512-JUOtgFW6k9u4Y+xeIaEiLr3+cjoUPiAuLXoyKOJSia6Duzb7pq+A76P9ZdPDoAoxHdHzq6gE9/jKBGXlZT8FbA==",
      "license": "(CC-BY-4.0 AND OFL-1.1 AND MIT)",
      "engines": {
        "node": ">=6"
      }
    }
  }
}
